{
  "scripts/lint_wiki.py": "be47611816ce8b9d4bcae367a3cd6903fcbca40fd95c918a157479037c2d66bc",
  "scripts/check_citations.py": "d1a234de082989abc8c89b70283266d8cb3ddd837500a48746b950e0cd36ac1a",
  "scripts/loop_score.py": "6d1586126a36deec8ca516d9269271bb27b940f7a21e54c50cec1aa0e366536d",
  "scripts/loop_sample.py": "aef8af4dced21136ac39fe926391b0b6b6f1b33e37783c031fd8fef4ce72885a",
  "scripts/data/corpus-registry.json": "f63895daa281eb5764c6008b5177c21a34630e02eac96dd2bcc10466ccba48f3",
  "scripts/data/exam-objectives.json": "ce2f1917e2595cbea680e3f8a673b84231a200ad4e0c7194c770271a4c8a18f9",
  "loop/rubric.md": "a18e3561e319b420f15e99bea29d1698e16c1365d02051b8a5bf9c5c2e17edbb"
}
